
Microsoft Visual Studio Solution File, Format Version 12.00
# Visual Studio Version 17
VisualStudioVersion = 17.7.34031.279
MinimumVisualStudioVersion = 10.0.40219.1
Project("{FAE04EC0-301F-11D3-BF4B-00C04F79EFBC}") = "coffe-app", "coffe-app\coffe-app.csproj", "{B91CA791-543B-4E91-BC9A-BF215AF3DB01}"
EndProject
Global
	GlobalSection(SolutionConfigurationPlatforms) = preSolution
		Debug|Any CPU = Debug|Any CPU
		Release|Any CPU = Release|Any CPU
	EndGlobalSection
	GlobalSection(ProjectConfigurationPlatforms) = postSolution
		{B91CA791-543B-4E91-BC9A-BF215AF3DB01}.Debug|Any CPU.ActiveCfg = Debug|Any CPU
		{B91CA791-543B-4E91-BC9A-BF215AF3DB01}.Debug|Any CPU.Build.0 = Debug|Any CPU
		{B91CA791-543B-4E91-BC9A-BF215AF3DB01}.Release|Any CPU.ActiveCfg = Release|Any CPU
		{B91CA791-543B-4E91-BC9A-BF215AF3DB01}.Release|Any CPU.Build.0 = Release|Any CPU
	EndGlobalSection
	GlobalSection(SolutionProperties) = preSolution
		HideSolutionNode = FALSE
	EndGlobalSection
	GlobalSection(ExtensibilityGlobals) = postSolution
		SolutionGuid = {69A3B2C7-6D24-42D1-A312-EFBEAD69AC33}
	EndGlobalSection
EndGlobal
