
Microsoft Visual Studio Solution File, Format Version 12.00
# Visual Studio Version 17
VisualStudioVersion = 17.7.34031.279
MinimumVisualStudioVersion = 10.0.40219.1
Project("{9A19103F-16F7-4668-BE54-9A1E7A4F7556}") = "coffe-app", "coffe-app\coffe-app.csproj", "{B91CA791-543B-4E91-BC9A-BF215AF3DB01}"
EndProject
Project("{FAE04EC0-301F-11D3-BF4B-00C04F79EFBC}") = "MenuDLL", "MenuDLL\MenuDLL.csproj", "{D565E1EC-C9E6-454C-9AD8-B6563D211C2F}"
EndProject
Project("{FAE04EC0-301F-11D3-BF4B-00C04F79EFBC}") = "ServerCoffeeApp", "ServerCoffeeApp\ServerCoffeeApp.csproj", "{8F204D46-5FB1-4B52-93FB-81430D13129C}"
EndProject
Project("{FAE04EC0-301F-11D3-BF4B-00C04F79EFBC}") = "CoffeTest", "CoffeTest\CoffeTest.csproj", "{1851BCF9-3BE0-424F-AE24-0CAA4E6A5878}"
EndProject
Global
	GlobalSection(SolutionConfigurationPlatforms) = preSolution
		Debug|Any CPU = Debug|Any CPU
		Release|Any CPU = Release|Any CPU
	EndGlobalSection
	GlobalSection(ProjectConfigurationPlatforms) = postSolution
		{B91CA791-543B-4E91-BC9A-BF215AF3DB01}.Debug|Any CPU.ActiveCfg = Debug|Any CPU
		{B91CA791-543B-4E91-BC9A-BF215AF3DB01}.Debug|Any CPU.Build.0 = Debug|Any CPU
		{B91CA791-543B-4E91-BC9A-BF215AF3DB01}.Release|Any CPU.ActiveCfg = Release|Any CPU
		{B91CA791-543B-4E91-BC9A-BF215AF3DB01}.Release|Any CPU.Build.0 = Release|Any CPU
		{D565E1EC-C9E6-454C-9AD8-B6563D211C2F}.Debug|Any CPU.ActiveCfg = Debug|Any CPU
		{D565E1EC-C9E6-454C-9AD8-B6563D211C2F}.Debug|Any CPU.Build.0 = Debug|Any CPU
		{D565E1EC-C9E6-454C-9AD8-B6563D211C2F}.Release|Any CPU.ActiveCfg = Release|Any CPU
		{D565E1EC-C9E6-454C-9AD8-B6563D211C2F}.Release|Any CPU.Build.0 = Release|Any CPU
		{8F204D46-5FB1-4B52-93FB-81430D13129C}.Debug|Any CPU.ActiveCfg = Debug|Any CPU
		{8F204D46-5FB1-4B52-93FB-81430D13129C}.Debug|Any CPU.Build.0 = Debug|Any CPU
		{8F204D46-5FB1-4B52-93FB-81430D13129C}.Release|Any CPU.ActiveCfg = Release|Any CPU
		{8F204D46-5FB1-4B52-93FB-81430D13129C}.Release|Any CPU.Build.0 = Release|Any CPU
		{1851BCF9-3BE0-424F-AE24-0CAA4E6A5878}.Debug|Any CPU.ActiveCfg = Debug|Any CPU
		{1851BCF9-3BE0-424F-AE24-0CAA4E6A5878}.Debug|Any CPU.Build.0 = Debug|Any CPU
		{1851BCF9-3BE0-424F-AE24-0CAA4E6A5878}.Release|Any CPU.ActiveCfg = Release|Any CPU
		{1851BCF9-3BE0-424F-AE24-0CAA4E6A5878}.Release|Any CPU.Build.0 = Release|Any CPU
	EndGlobalSection
	GlobalSection(SolutionProperties) = preSolution
		HideSolutionNode = FALSE
	EndGlobalSection
	GlobalSection(ExtensibilityGlobals) = postSolution
		SolutionGuid = {69A3B2C7-6D24-42D1-A312-EFBEAD69AC33}
	EndGlobalSection
EndGlobal
